# THIS IS AN AUTOGENERATED FILE. DO NOT EDIT THIS FILE DIRECTLY.
# yarn lockfile v1


bupper@*:
  version "2.0.0"
  resolved "https://registry.yarnpkg.com/bupper/-/bupper-2.0.0.tgz#355808dc3e8e871d42eabf13c365ecd15a30eb79"
  integrity sha512-+qAnqze4wSAiTixXS+AMTC8axJ9o6nQNfPsRhpCxSRYUpYHdbcf5DC2xhz4eWuKrjTS9Z7j4mageXwf5Y0hfvQ==

dever@*:
  version "2.0.0"
  resolved "https://registry.yarnpkg.com/dever/-/dever-2.0.0.tgz#e5b3224a61590dc2660bc965e0016a72c47e9074"
  integrity sha512-E2GrxkvHoJBvgFsA+zVchafgzyp62+tVkUXyJXossUJ7E/hYKYZAyD1Ro9DJ04Zz+MasBZAMSYatW3EyZm/DRw==

eventy@*:
  version "2.0.0"
  resolved "https://registry.yarnpkg.com/eventy/-/eventy-2.0.0.tgz#c1d343b24a87a364103be31661736d317cced0f5"
  integrity sha512-byigd0yQhpzWzM8fJnTlNGGACiT3uMBSzO5XawrDRTpQts+oe7d5/KXZF9lu99itS9L+LCaZkx2sar2olN0tDg==
  dependencies:
    dever "*"

node-http@^0.0.5:
  version "0.0.5"
  resolved "https://registry.yarnpkg.com/node-http/-/node-http-0.0.5.tgz#5f506cfab89422f59eeedcb68e8b49aa2e8a52a1"
  integrity sha512-wmt/GCOR502I6iGUx4utpQytTUfSag+WsEFpnVfCqdx2p/iVCV8RJqshvuUHUWxSjR8USx1poJ+hdQAaDzYC5w==
  dependencies:
    bupper "*"
    eventy "*"
    reges "*"

"promise-nodeify@>= 0.1":
  version "3.0.1"
  resolved "https://registry.yarnpkg.com/promise-nodeify/-/promise-nodeify-3.0.1.tgz#f0f5d9720ee9ec71dd2bfa92667be504c10229c2"
  integrity sha512-ghsSuzZXJX8iO7WVec2z7GI+Xk/EyiD+JZK7AZKhUqYfpLa/Zs4ylUD+CwwnKlG6G3HnkUPMAi6PO7zeqGKssg==

"proxying-agent@>= 2.1":
  version "2.4.0"
  resolved "https://registry.yarnpkg.com/proxying-agent/-/proxying-agent-2.4.0.tgz#6796549fc46bf3423554440f64a4449220f9014d"
  integrity sha512-b9vDqIcViJZVsWPpQlp9Py74u+Wqd0a+kMkkg7zX58mwNtrNbOChNlRTM7lUrlpiwNzyJCV8+5D8rnZYLDFh7Q==

reges@*:
  version "0.0.3"
  resolved "https://registry.yarnpkg.com/reges/-/reges-0.0.3.tgz#50e7f6411a446c3b42108e54d30bc5497d3decc7"
  integrity sha512-RksZndc8dLg6iejwGgGDs+ukwCqnT5JP4xGkIHjMQfVJ3e7hiuiMLybWt3uGDC2dDHnsvqW6NNTGJWLQ7PTQZw==

tinify@^1.7.1:
  version "1.7.1"
  resolved "https://registry.yarnpkg.com/tinify/-/tinify-1.7.1.tgz#657be3759f3fd2f61dd089f44f29a6c6f0b52203"
  integrity sha512-IbZwiVG0iN/BwZB0XTA45uNyv3DxDByL9TK0jI++hyWtnV68BgNKl0r+iNLsIEDasN3IntHaeaQbiVfaQVnLdQ==
  dependencies:
    promise-nodeify ">= 0.1"
    proxying-agent ">= 2.1"
